
Microsoft Visual Studio Solution File, Format Version 12.00
# Visual Studio Version 17
VisualStudioVersion = 17.4.33103.184
MinimumVisualStudioVersion = 10.0.40219.1
Project("{2150E333-8FDC-42A3-9474-1A3956D46DE8}") = "Chuong02", "Chuong02", "{AEF33B59-F9C3-492F-A7CC-62AA6FC55555}"
EndProject
Project("{9A19103F-16F7-4668-BE54-9A1E7A4F7556}") = "VD201", "VD201\VD201.csproj", "{835619D8-76F8-4938-A019-4A7F6B61B73B}"
EndProject
Project("{2150E333-8FDC-42A3-9474-1A3956D46DE8}") = "Chuong03", "Chuong03", "{D2DF791A-7EB9-4566-B23C-7145C3E48C2D}"
EndProject
Project("{9A19103F-16F7-4668-BE54-9A1E7A4F7556}") = "VD301", "VD301\VD301.csproj", "{692B2E0D-6CEF-4ACD-B789-AFF8579B6B9C}"
EndProject
Project("{9A19103F-16F7-4668-BE54-9A1E7A4F7556}") = "VD304", "VD304\VD304.csproj", "{DF678C65-EB6D-4D33-B0A4-F351548F9675}"
EndProject
Project("{9A19103F-16F7-4668-BE54-9A1E7A4F7556}") = "VD305", "VD305\VD305.csproj", "{6305D991-1733-49BB-A970-00491EAF2511}"
EndProject
Project("{9A19103F-16F7-4668-BE54-9A1E7A4F7556}") = "VD306", "VD306\VD306.csproj", "{EEDFB166-2C0C-4E95-9DB5-E038FEE9EA08}"
EndProject
Project("{9A19103F-16F7-4668-BE54-9A1E7A4F7556}") = "VD307", "VD307\VD307.csproj", "{E6B14921-202A-4705-B507-C37123C4EA63}"
EndProject
Project("{9A19103F-16F7-4668-BE54-9A1E7A4F7556}") = "VD308", "VD308\VD308.csproj", "{3DF94E30-3F70-4C6E-A8F5-39B8A7B8A436}"
EndProject
Project("{9A19103F-16F7-4668-BE54-9A1E7A4F7556}") = "VD309", "VD309\VD309.csproj", "{91B94A2F-6B75-4A8A-9186-D76E05F707D5}"
EndProject
Project("{9A19103F-16F7-4668-BE54-9A1E7A4F7556}") = "VD310", "VD310\VD310.csproj", "{8E354E31-8F38-4CF8-B388-F3A8F84AEE2E}"
EndProject
Project("{9A19103F-16F7-4668-BE54-9A1E7A4F7556}") = "VD311", "VD311\VD311.csproj", "{317EA8D3-CD19-4699-A25F-8EF0229F8E62}"
EndProject
Project("{9A19103F-16F7-4668-BE54-9A1E7A4F7556}") = "VD312", "VD312\VD312.csproj", "{D345A6FD-A67E-45F6-9495-1EE81B0C48A9}"
EndProject
Project("{9A19103F-16F7-4668-BE54-9A1E7A4F7556}") = "VD313", "VD313\VD313.csproj", "{B13F9535-D512-4769-861E-8DAF5F005331}"
EndProject
Project("{9A19103F-16F7-4668-BE54-9A1E7A4F7556}") = "VD315", "VD315\VD315.csproj", "{36FA2D23-678B-4C25-8747-E9BF511B6938}"
EndProject
Project("{9A19103F-16F7-4668-BE54-9A1E7A4F7556}") = "VD317", "VD317\VD317.csproj", "{42A6C49D-8BD8-4C39-A29F-7200906DFD56}"
EndProject
Project("{9A19103F-16F7-4668-BE54-9A1E7A4F7556}") = "VD318", "VD318\VD318.csproj", "{01AA0AE4-53C2-40F0-A010-79C9CFA97066}"
EndProject
Project("{9A19103F-16F7-4668-BE54-9A1E7A4F7556}") = "VD319", "VD319\VD319.csproj", "{1EE19CAB-AB65-4756-A608-73292D40AC68}"
EndProject
Project("{2150E333-8FDC-42A3-9474-1A3956D46DE8}") = "Chuong04", "Chuong04", "{97907667-79F9-4675-84EB-1B80E47F82C1}"
EndProject
Project("{2150E333-8FDC-42A3-9474-1A3956D46DE8}") = "Chuong05", "Chuong05", "{8E37CCEE-CD35-4912-8841-D2C2E79F10F1}"
EndProject
Project("{9A19103F-16F7-4668-BE54-9A1E7A4F7556}") = "VD401", "VD401\VD401.csproj", "{5B719E2E-F724-4CB6-A0A9-019C41F4A67E}"
EndProject
Project("{9A19103F-16F7-4668-BE54-9A1E7A4F7556}") = "VD402", "VD402\VD402.csproj", "{95C85A8A-7C21-4C44-B7C5-071F31FEE0DF}"
EndProject
Project("{9A19103F-16F7-4668-BE54-9A1E7A4F7556}") = "VD403", "VD403\VD403.csproj", "{F73A0A89-37A6-456A-B6BF-1BD1BE89CDAC}"
EndProject
Project("{9A19103F-16F7-4668-BE54-9A1E7A4F7556}") = "VD404", "VD404\VD404.csproj", "{15255B58-9D6B-4995-B2EF-73EEC67C2370}"
EndProject
Project("{9A19103F-16F7-4668-BE54-9A1E7A4F7556}") = "VD405", "VD405\VD405.csproj", "{B67DCDB0-7046-4813-934C-CC6408C1FA9A}"
EndProject
Project("{9A19103F-16F7-4668-BE54-9A1E7A4F7556}") = "VD407", "VD407\VD407.csproj", "{25DE203B-239C-4F8E-8270-404FC101E799}"
EndProject
Project("{9A19103F-16F7-4668-BE54-9A1E7A4F7556}") = "VD408", "VD408\VD408.csproj", "{85102CB5-630E-4634-B485-0331114478FB}"
EndProject
Project("{9A19103F-16F7-4668-BE54-9A1E7A4F7556}") = "VD410", "VD410\VD410.csproj", "{681431FF-7A83-4AA6-BA26-E5938E5D81E3}"
EndProject
Project("{9A19103F-16F7-4668-BE54-9A1E7A4F7556}") = "VD411", "VD411\VD411.csproj", "{EFF1E824-266F-4280-97F5-FA118E40536F}"
EndProject
Project("{9A19103F-16F7-4668-BE54-9A1E7A4F7556}") = "VD412", "VD412\VD412.csproj", "{DB244B14-A7C8-481F-A6F8-882BD6203215}"
EndProject
Project("{9A19103F-16F7-4668-BE54-9A1E7A4F7556}") = "VD501", "VD501\VD501.csproj", "{93698378-2495-4993-8674-025C68D7D80F}"
EndProject
Project("{9A19103F-16F7-4668-BE54-9A1E7A4F7556}") = "VD502", "VD502\VD502.csproj", "{F66BB9FD-BD7F-4AB7-8DE9-C5FF6AF9496F}"
EndProject
Project("{9A19103F-16F7-4668-BE54-9A1E7A4F7556}") = "VD503", "VD503\VD503.csproj", "{E31D0CA4-C26A-4466-B70D-BF0B4A302C07}"
EndProject
Project("{9A19103F-16F7-4668-BE54-9A1E7A4F7556}") = "VD504", "VD504\VD504.csproj", "{B8A4D6F5-E608-45C9-A8BB-69F18FA6E583}"
EndProject
Project("{9A19103F-16F7-4668-BE54-9A1E7A4F7556}") = "VD505", "VD505\VD505.csproj", "{93A01062-6E03-4C5C-8347-5F380902D1A1}"
EndProject
Project("{9A19103F-16F7-4668-BE54-9A1E7A4F7556}") = "VD506", "VD506\VD506.csproj", "{BF028386-BBAC-4D99-A242-C60A2FA0B13F}"
EndProject
Project("{2150E333-8FDC-42A3-9474-1A3956D46DE8}") = "Chuong06", "Chuong06", "{29DD8892-72AB-4FD3-B8E3-C3D1DC02B0F0}"
EndProject
Project("{9A19103F-16F7-4668-BE54-9A1E7A4F7556}") = "VD601", "VD601\VD601.csproj", "{9F8B675E-6605-4186-861F-DFE9D560A8FF}"
EndProject
Project("{2150E333-8FDC-42A3-9474-1A3956D46DE8}") = "Chuong07", "Chuong07", "{15087F2A-5770-49EF-AAB0-2D1112065276}"
EndProject
Project("{9A19103F-16F7-4668-BE54-9A1E7A4F7556}") = "VD701", "VD701\VD701.csproj", "{0E6F9772-0073-4FD5-BFF1-3D883FFC1449}"
EndProject
Project("{2150E333-8FDC-42A3-9474-1A3956D46DE8}") = "Chuong08", "Chuong08", "{A71F93E0-B8CD-43CE-B043-5D2E8FC1EDC4}"
EndProject
Project("{9A19103F-16F7-4668-BE54-9A1E7A4F7556}") = "VD801", "VD801\VD801.csproj", "{DD784DFD-BD02-4B19-B8E1-A239517B200B}"
EndProject
Project("{9A19103F-16F7-4668-BE54-9A1E7A4F7556}") = "VD802", "VD802\VD802.csproj", "{44C253D6-A26F-40C8-AFD5-4BD0D405379B}"
EndProject
Project("{9A19103F-16F7-4668-BE54-9A1E7A4F7556}") = "VD803", "VD803\VD803.csproj", "{BCA432B9-A883-48EE-AEC9-93F663ACBE39}"
EndProject
Project("{9A19103F-16F7-4668-BE54-9A1E7A4F7556}") = "VD804", "VD804\VD804.csproj", "{1800299C-9F60-4A05-A2CD-3E05CAC06131}"
EndProject
Project("{9A19103F-16F7-4668-BE54-9A1E7A4F7556}") = "VD805", "VD805\VD805.csproj", "{E6AD08B2-C238-46F3-82BE-D32AE503463C}"
EndProject
Project("{2150E333-8FDC-42A3-9474-1A3956D46DE8}") = "Chuong09", "Chuong09", "{8C99CED2-EE35-447B-B083-476C301B21FC}"
EndProject
Project("{9A19103F-16F7-4668-BE54-9A1E7A4F7556}") = "VD901", "VD901\VD901.csproj", "{9EC0D817-7DED-4E1D-87C9-CA4132B59C4A}"
EndProject
Project("{9A19103F-16F7-4668-BE54-9A1E7A4F7556}") = "VD902", "VD902\VD902.csproj", "{3C2874F3-E9E8-410F-8033-C4008A565388}"
EndProject
Project("{9A19103F-16F7-4668-BE54-9A1E7A4F7556}") = "VD904", "VD904\VD904.csproj", "{8BF63AFB-CCE5-4212-9C86-85402DE60270}"
EndProject
Project("{9A19103F-16F7-4668-BE54-9A1E7A4F7556}") = "VD905", "VD905\VD905.csproj", "{F9E088F8-8893-4C01-8C6C-D3B01B272476}"
EndProject
Project("{9A19103F-16F7-4668-BE54-9A1E7A4F7556}") = "VD906", "VD906\VD906.csproj", "{6A391681-F84A-413F-8963-6CCBF5CA8FBE}"
EndProject
Project("{9A19103F-16F7-4668-BE54-9A1E7A4F7556}") = "VD907", "VD907\VD907.csproj", "{8EA36937-8585-4D56-B621-2C743994A6DE}"
EndProject
Project("{9A19103F-16F7-4668-BE54-9A1E7A4F7556}") = "VD908", "VD908\VD908.csproj", "{CA9BB89E-837D-4D4F-AC07-13EFB683B65F}"
EndProject
Project("{9A19103F-16F7-4668-BE54-9A1E7A4F7556}") = "VD909", "VD909\VD909.csproj", "{6ABD20E0-7457-463D-990B-26FAC25044A3}"
EndProject
Project("{9A19103F-16F7-4668-BE54-9A1E7A4F7556}") = "VD911", "VD911\VD911.csproj", "{A249EF6B-295C-482A-9B95-9526EDA43B32}"
EndProject
Project("{9A19103F-16F7-4668-BE54-9A1E7A4F7556}") = "VD912", "VD912\VD912.csproj", "{5F7F1522-5ABD-44F6-97DA-28DEC6F24B4C}"
EndProject
Project("{9A19103F-16F7-4668-BE54-9A1E7A4F7556}") = "VD913", "VD913\VD913.csproj", "{DA99A5C5-F22E-4E6B-BD84-235070C8D0E9}"
EndProject
Project("{9A19103F-16F7-4668-BE54-9A1E7A4F7556}") = "VD914", "VD914\VD914.csproj", "{42285FC6-77B3-46E9-B428-4117392F22E6}"
EndProject
Project("{9A19103F-16F7-4668-BE54-9A1E7A4F7556}") = "VD915", "VD915\VD915.csproj", "{5DC4FAEA-D28C-4B28-AEE0-24764F2ABC8C}"
EndProject
Project("{2150E333-8FDC-42A3-9474-1A3956D46DE8}") = "Chuong10", "Chuong10", "{5E8211C6-BACC-47F7-8895-0E04CC4E09E9}"
EndProject
Project("{9A19103F-16F7-4668-BE54-9A1E7A4F7556}") = "VD1001", "VD1001\VD1001.csproj", "{A784D10E-DCC2-4B73-BEC6-7CC7BE177338}"
EndProject
Project("{9A19103F-16F7-4668-BE54-9A1E7A4F7556}") = "VD1002", "VD1002\VD1002.csproj", "{24CF208D-E58F-410A-9A34-A97E5AC3D32A}"
EndProject
Project("{9A19103F-16F7-4668-BE54-9A1E7A4F7556}") = "VD1003", "VD1003\VD1003.csproj", "{63C634B4-897A-48F9-8D54-78353F51E8B3}"
EndProject
Project("{9A19103F-16F7-4668-BE54-9A1E7A4F7556}") = "VD1004", "VD1004\VD1004.csproj", "{111B21E0-D754-4933-9B69-6DBAF9BF4D0E}"
EndProject
Project("{FAE04EC0-301F-11D3-BF4B-00C04F79EFBC}") = "VD1005", "VD1005\VD1005.csproj", "{80CA2E6C-D7C6-4FD7-B4D2-76792458A5E1}"
EndProject
Global
	GlobalSection(SolutionConfigurationPlatforms) = preSolution
		Debug|Any CPU = Debug|Any CPU
		Release|Any CPU = Release|Any CPU
	EndGlobalSection
	GlobalSection(ProjectConfigurationPlatforms) = postSolution
		{835619D8-76F8-4938-A019-4A7F6B61B73B}.Debug|Any CPU.ActiveCfg = Debug|Any CPU
		{835619D8-76F8-4938-A019-4A7F6B61B73B}.Debug|Any CPU.Build.0 = Debug|Any CPU
		{835619D8-76F8-4938-A019-4A7F6B61B73B}.Release|Any CPU.ActiveCfg = Release|Any CPU
		{835619D8-76F8-4938-A019-4A7F6B61B73B}.Release|Any CPU.Build.0 = Release|Any CPU
		{692B2E0D-6CEF-4ACD-B789-AFF8579B6B9C}.Debug|Any CPU.ActiveCfg = Debug|Any CPU
		{692B2E0D-6CEF-4ACD-B789-AFF8579B6B9C}.Debug|Any CPU.Build.0 = Debug|Any CPU
		{692B2E0D-6CEF-4ACD-B789-AFF8579B6B9C}.Release|Any CPU.ActiveCfg = Release|Any CPU
		{692B2E0D-6CEF-4ACD-B789-AFF8579B6B9C}.Release|Any CPU.Build.0 = Release|Any CPU
		{DF678C65-EB6D-4D33-B0A4-F351548F9675}.Debug|Any CPU.ActiveCfg = Debug|Any CPU
		{DF678C65-EB6D-4D33-B0A4-F351548F9675}.Debug|Any CPU.Build.0 = Debug|Any CPU
		{DF678C65-EB6D-4D33-B0A4-F351548F9675}.Release|Any CPU.ActiveCfg = Release|Any CPU
		{DF678C65-EB6D-4D33-B0A4-F351548F9675}.Release|Any CPU.Build.0 = Release|Any CPU
		{6305D991-1733-49BB-A970-00491EAF2511}.Debug|Any CPU.ActiveCfg = Debug|Any CPU
		{6305D991-1733-49BB-A970-00491EAF2511}.Debug|Any CPU.Build.0 = Debug|Any CPU
		{6305D991-1733-49BB-A970-00491EAF2511}.Release|Any CPU.ActiveCfg = Release|Any CPU
		{6305D991-1733-49BB-A970-00491EAF2511}.Release|Any CPU.Build.0 = Release|Any CPU
		{EEDFB166-2C0C-4E95-9DB5-E038FEE9EA08}.Debug|Any CPU.ActiveCfg = Debug|Any CPU
		{EEDFB166-2C0C-4E95-9DB5-E038FEE9EA08}.Debug|Any CPU.Build.0 = Debug|Any CPU
		{EEDFB166-2C0C-4E95-9DB5-E038FEE9EA08}.Release|Any CPU.ActiveCfg = Release|Any CPU
		{EEDFB166-2C0C-4E95-9DB5-E038FEE9EA08}.Release|Any CPU.Build.0 = Release|Any CPU
		{E6B14921-202A-4705-B507-C37123C4EA63}.Debug|Any CPU.ActiveCfg = Debug|Any CPU
		{E6B14921-202A-4705-B507-C37123C4EA63}.Debug|Any CPU.Build.0 = Debug|Any CPU
		{E6B14921-202A-4705-B507-C37123C4EA63}.Release|Any CPU.ActiveCfg = Release|Any CPU
		{E6B14921-202A-4705-B507-C37123C4EA63}.Release|Any CPU.Build.0 = Release|Any CPU
		{3DF94E30-3F70-4C6E-A8F5-39B8A7B8A436}.Debug|Any CPU.ActiveCfg = Debug|Any CPU
		{3DF94E30-3F70-4C6E-A8F5-39B8A7B8A436}.Debug|Any CPU.Build.0 = Debug|Any CPU
		{3DF94E30-3F70-4C6E-A8F5-39B8A7B8A436}.Release|Any CPU.ActiveCfg = Release|Any CPU
		{3DF94E30-3F70-4C6E-A8F5-39B8A7B8A436}.Release|Any CPU.Build.0 = Release|Any CPU
		{91B94A2F-6B75-4A8A-9186-D76E05F707D5}.Debug|Any CPU.ActiveCfg = Debug|Any CPU
		{91B94A2F-6B75-4A8A-9186-D76E05F707D5}.Debug|Any CPU.Build.0 = Debug|Any CPU
		{91B94A2F-6B75-4A8A-9186-D76E05F707D5}.Release|Any CPU.ActiveCfg = Release|Any CPU
		{91B94A2F-6B75-4A8A-9186-D76E05F707D5}.Release|Any CPU.Build.0 = Release|Any CPU
		{8E354E31-8F38-4CF8-B388-F3A8F84AEE2E}.Debug|Any CPU.ActiveCfg = Debug|Any CPU
		{8E354E31-8F38-4CF8-B388-F3A8F84AEE2E}.Debug|Any CPU.Build.0 = Debug|Any CPU
		{8E354E31-8F38-4CF8-B388-F3A8F84AEE2E}.Release|Any CPU.ActiveCfg = Release|Any CPU
		{8E354E31-8F38-4CF8-B388-F3A8F84AEE2E}.Release|Any CPU.Build.0 = Release|Any CPU
		{317EA8D3-CD19-4699-A25F-8EF0229F8E62}.Debug|Any CPU.ActiveCfg = Debug|Any CPU
		{317EA8D3-CD19-4699-A25F-8EF0229F8E62}.Debug|Any CPU.Build.0 = Debug|Any CPU
		{317EA8D3-CD19-4699-A25F-8EF0229F8E62}.Release|Any CPU.ActiveCfg = Release|Any CPU
		{317EA8D3-CD19-4699-A25F-8EF0229F8E62}.Release|Any CPU.Build.0 = Release|Any CPU
		{D345A6FD-A67E-45F6-9495-1EE81B0C48A9}.Debug|Any CPU.ActiveCfg = Debug|Any CPU
		{D345A6FD-A67E-45F6-9495-1EE81B0C48A9}.Debug|Any CPU.Build.0 = Debug|Any CPU
		{D345A6FD-A67E-45F6-9495-1EE81B0C48A9}.Release|Any CPU.ActiveCfg = Release|Any CPU
		{D345A6FD-A67E-45F6-9495-1EE81B0C48A9}.Release|Any CPU.Build.0 = Release|Any CPU
		{B13F9535-D512-4769-861E-8DAF5F005331}.Debug|Any CPU.ActiveCfg = Debug|Any CPU
		{B13F9535-D512-4769-861E-8DAF5F005331}.Debug|Any CPU.Build.0 = Debug|Any CPU
		{B13F9535-D512-4769-861E-8DAF5F005331}.Release|Any CPU.ActiveCfg = Release|Any CPU
		{B13F9535-D512-4769-861E-8DAF5F005331}.Release|Any CPU.Build.0 = Release|Any CPU
		{36FA2D23-678B-4C25-8747-E9BF511B6938}.Debug|Any CPU.ActiveCfg = Debug|Any CPU
		{36FA2D23-678B-4C25-8747-E9BF511B6938}.Debug|Any CPU.Build.0 = Debug|Any CPU
		{36FA2D23-678B-4C25-8747-E9BF511B6938}.Release|Any CPU.ActiveCfg = Release|Any CPU
		{36FA2D23-678B-4C25-8747-E9BF511B6938}.Release|Any CPU.Build.0 = Release|Any CPU
		{42A6C49D-8BD8-4C39-A29F-7200906DFD56}.Debug|Any CPU.ActiveCfg = Debug|Any CPU
		{42A6C49D-8BD8-4C39-A29F-7200906DFD56}.Debug|Any CPU.Build.0 = Debug|Any CPU
		{42A6C49D-8BD8-4C39-A29F-7200906DFD56}.Release|Any CPU.ActiveCfg = Release|Any CPU
		{42A6C49D-8BD8-4C39-A29F-7200906DFD56}.Release|Any CPU.Build.0 = Release|Any CPU
		{01AA0AE4-53C2-40F0-A010-79C9CFA97066}.Debug|Any CPU.ActiveCfg = Debug|Any CPU
		{01AA0AE4-53C2-40F0-A010-79C9CFA97066}.Debug|Any CPU.Build.0 = Debug|Any CPU
		{01AA0AE4-53C2-40F0-A010-79C9CFA97066}.Release|Any CPU.ActiveCfg = Release|Any CPU
		{01AA0AE4-53C2-40F0-A010-79C9CFA97066}.Release|Any CPU.Build.0 = Release|Any CPU
		{1EE19CAB-AB65-4756-A608-73292D40AC68}.Debug|Any CPU.ActiveCfg = Debug|Any CPU
		{1EE19CAB-AB65-4756-A608-73292D40AC68}.Debug|Any CPU.Build.0 = Debug|Any CPU
		{1EE19CAB-AB65-4756-A608-73292D40AC68}.Release|Any CPU.ActiveCfg = Release|Any CPU
		{1EE19CAB-AB65-4756-A608-73292D40AC68}.Release|Any CPU.Build.0 = Release|Any CPU
		{5B719E2E-F724-4CB6-A0A9-019C41F4A67E}.Debug|Any CPU.ActiveCfg = Debug|Any CPU
		{5B719E2E-F724-4CB6-A0A9-019C41F4A67E}.Debug|Any CPU.Build.0 = Debug|Any CPU
		{5B719E2E-F724-4CB6-A0A9-019C41F4A67E}.Release|Any CPU.ActiveCfg = Release|Any CPU
		{5B719E2E-F724-4CB6-A0A9-019C41F4A67E}.Release|Any CPU.Build.0 = Release|Any CPU
		{95C85A8A-7C21-4C44-B7C5-071F31FEE0DF}.Debug|Any CPU.ActiveCfg = Debug|Any CPU
		{95C85A8A-7C21-4C44-B7C5-071F31FEE0DF}.Debug|Any CPU.Build.0 = Debug|Any CPU
		{95C85A8A-7C21-4C44-B7C5-071F31FEE0DF}.Release|Any CPU.ActiveCfg = Release|Any CPU
		{95C85A8A-7C21-4C44-B7C5-071F31FEE0DF}.Release|Any CPU.Build.0 = Release|Any CPU
		{F73A0A89-37A6-456A-B6BF-1BD1BE89CDAC}.Debug|Any CPU.ActiveCfg = Debug|Any CPU
		{F73A0A89-37A6-456A-B6BF-1BD1BE89CDAC}.Debug|Any CPU.Build.0 = Debug|Any CPU
		{F73A0A89-37A6-456A-B6BF-1BD1BE89CDAC}.Release|Any CPU.ActiveCfg = Release|Any CPU
		{F73A0A89-37A6-456A-B6BF-1BD1BE89CDAC}.Release|Any CPU.Build.0 = Release|Any CPU
		{15255B58-9D6B-4995-B2EF-73EEC67C2370}.Debug|Any CPU.ActiveCfg = Debug|Any CPU
		{15255B58-9D6B-4995-B2EF-73EEC67C2370}.Debug|Any CPU.Build.0 = Debug|Any CPU
		{15255B58-9D6B-4995-B2EF-73EEC67C2370}.Release|Any CPU.ActiveCfg = Release|Any CPU
		{15255B58-9D6B-4995-B2EF-73EEC67C2370}.Release|Any CPU.Build.0 = Release|Any CPU
		{B67DCDB0-7046-4813-934C-CC6408C1FA9A}.Debug|Any CPU.ActiveCfg = Debug|Any CPU
		{B67DCDB0-7046-4813-934C-CC6408C1FA9A}.Debug|Any CPU.Build.0 = Debug|Any CPU
		{B67DCDB0-7046-4813-934C-CC6408C1FA9A}.Release|Any CPU.ActiveCfg = Release|Any CPU
		{B67DCDB0-7046-4813-934C-CC6408C1FA9A}.Release|Any CPU.Build.0 = Release|Any CPU
		{25DE203B-239C-4F8E-8270-404FC101E799}.Debug|Any CPU.ActiveCfg = Debug|Any CPU
		{25DE203B-239C-4F8E-8270-404FC101E799}.Debug|Any CPU.Build.0 = Debug|Any CPU
		{25DE203B-239C-4F8E-8270-404FC101E799}.Release|Any CPU.ActiveCfg = Release|Any CPU
		{25DE203B-239C-4F8E-8270-404FC101E799}.Release|Any CPU.Build.0 = Release|Any CPU
		{85102CB5-630E-4634-B485-0331114478FB}.Debug|Any CPU.ActiveCfg = Debug|Any CPU
		{85102CB5-630E-4634-B485-0331114478FB}.Debug|Any CPU.Build.0 = Debug|Any CPU
		{85102CB5-630E-4634-B485-0331114478FB}.Release|Any CPU.ActiveCfg = Release|Any CPU
		{85102CB5-630E-4634-B485-0331114478FB}.Release|Any CPU.Build.0 = Release|Any CPU
		{681431FF-7A83-4AA6-BA26-E5938E5D81E3}.Debug|Any CPU.ActiveCfg = Debug|Any CPU
		{681431FF-7A83-4AA6-BA26-E5938E5D81E3}.Debug|Any CPU.Build.0 = Debug|Any CPU
		{681431FF-7A83-4AA6-BA26-E5938E5D81E3}.Release|Any CPU.ActiveCfg = Release|Any CPU
		{681431FF-7A83-4AA6-BA26-E5938E5D81E3}.Release|Any CPU.Build.0 = Release|Any CPU
		{EFF1E824-266F-4280-97F5-FA118E40536F}.Debug|Any CPU.ActiveCfg = Debug|Any CPU
		{EFF1E824-266F-4280-97F5-FA118E40536F}.Debug|Any CPU.Build.0 = Debug|Any CPU
		{EFF1E824-266F-4280-97F5-FA118E40536F}.Release|Any CPU.ActiveCfg = Release|Any CPU
		{EFF1E824-266F-4280-97F5-FA118E40536F}.Release|Any CPU.Build.0 = Release|Any CPU
		{DB244B14-A7C8-481F-A6F8-882BD6203215}.Debug|Any CPU.ActiveCfg = Debug|Any CPU
		{DB244B14-A7C8-481F-A6F8-882BD6203215}.Debug|Any CPU.Build.0 = Debug|Any CPU
		{DB244B14-A7C8-481F-A6F8-882BD6203215}.Release|Any CPU.ActiveCfg = Release|Any CPU
		{DB244B14-A7C8-481F-A6F8-882BD6203215}.Release|Any CPU.Build.0 = Release|Any CPU
		{93698378-2495-4993-8674-025C68D7D80F}.Debug|Any CPU.ActiveCfg = Debug|Any CPU
		{93698378-2495-4993-8674-025C68D7D80F}.Debug|Any CPU.Build.0 = Debug|Any CPU
		{93698378-2495-4993-8674-025C68D7D80F}.Release|Any CPU.ActiveCfg = Release|Any CPU
		{93698378-2495-4993-8674-025C68D7D80F}.Release|Any CPU.Build.0 = Release|Any CPU
		{F66BB9FD-BD7F-4AB7-8DE9-C5FF6AF9496F}.Debug|Any CPU.ActiveCfg = Debug|Any CPU
		{F66BB9FD-BD7F-4AB7-8DE9-C5FF6AF9496F}.Debug|Any CPU.Build.0 = Debug|Any CPU
		{F66BB9FD-BD7F-4AB7-8DE9-C5FF6AF9496F}.Release|Any CPU.ActiveCfg = Release|Any CPU
		{F66BB9FD-BD7F-4AB7-8DE9-C5FF6AF9496F}.Release|Any CPU.Build.0 = Release|Any CPU
		{E31D0CA4-C26A-4466-B70D-BF0B4A302C07}.Debug|Any CPU.ActiveCfg = Debug|Any CPU
		{E31D0CA4-C26A-4466-B70D-BF0B4A302C07}.Debug|Any CPU.Build.0 = Debug|Any CPU
		{E31D0CA4-C26A-4466-B70D-BF0B4A302C07}.Release|Any CPU.ActiveCfg = Release|Any CPU
		{E31D0CA4-C26A-4466-B70D-BF0B4A302C07}.Release|Any CPU.Build.0 = Release|Any CPU
		{B8A4D6F5-E608-45C9-A8BB-69F18FA6E583}.Debug|Any CPU.ActiveCfg = Debug|Any CPU
		{B8A4D6F5-E608-45C9-A8BB-69F18FA6E583}.Debug|Any CPU.Build.0 = Debug|Any CPU
		{B8A4D6F5-E608-45C9-A8BB-69F18FA6E583}.Release|Any CPU.ActiveCfg = Release|Any CPU
		{B8A4D6F5-E608-45C9-A8BB-69F18FA6E583}.Release|Any CPU.Build.0 = Release|Any CPU
		{93A01062-6E03-4C5C-8347-5F380902D1A1}.Debug|Any CPU.ActiveCfg = Debug|Any CPU
		{93A01062-6E03-4C5C-8347-5F380902D1A1}.Debug|Any CPU.Build.0 = Debug|Any CPU
		{93A01062-6E03-4C5C-8347-5F380902D1A1}.Release|Any CPU.ActiveCfg = Release|Any CPU
		{93A01062-6E03-4C5C-8347-5F380902D1A1}.Release|Any CPU.Build.0 = Release|Any CPU
		{BF028386-BBAC-4D99-A242-C60A2FA0B13F}.Debug|Any CPU.ActiveCfg = Debug|Any CPU
		{BF028386-BBAC-4D99-A242-C60A2FA0B13F}.Debug|Any CPU.Build.0 = Debug|Any CPU
		{BF028386-BBAC-4D99-A242-C60A2FA0B13F}.Release|Any CPU.ActiveCfg = Release|Any CPU
		{BF028386-BBAC-4D99-A242-C60A2FA0B13F}.Release|Any CPU.Build.0 = Release|Any CPU
		{9F8B675E-6605-4186-861F-DFE9D560A8FF}.Debug|Any CPU.ActiveCfg = Debug|Any CPU
		{9F8B675E-6605-4186-861F-DFE9D560A8FF}.Debug|Any CPU.Build.0 = Debug|Any CPU
		{9F8B675E-6605-4186-861F-DFE9D560A8FF}.Release|Any CPU.ActiveCfg = Release|Any CPU
		{9F8B675E-6605-4186-861F-DFE9D560A8FF}.Release|Any CPU.Build.0 = Release|Any CPU
		{0E6F9772-0073-4FD5-BFF1-3D883FFC1449}.Debug|Any CPU.ActiveCfg = Debug|Any CPU
		{0E6F9772-0073-4FD5-BFF1-3D883FFC1449}.Debug|Any CPU.Build.0 = Debug|Any CPU
		{0E6F9772-0073-4FD5-BFF1-3D883FFC1449}.Release|Any CPU.ActiveCfg = Release|Any CPU
		{0E6F9772-0073-4FD5-BFF1-3D883FFC1449}.Release|Any CPU.Build.0 = Release|Any CPU
		{DD784DFD-BD02-4B19-B8E1-A239517B200B}.Debug|Any CPU.ActiveCfg = Debug|Any CPU
		{DD784DFD-BD02-4B19-B8E1-A239517B200B}.Debug|Any CPU.Build.0 = Debug|Any CPU
		{DD784DFD-BD02-4B19-B8E1-A239517B200B}.Release|Any CPU.ActiveCfg = Release|Any CPU
		{DD784DFD-BD02-4B19-B8E1-A239517B200B}.Release|Any CPU.Build.0 = Release|Any CPU
		{44C253D6-A26F-40C8-AFD5-4BD0D405379B}.Debug|Any CPU.ActiveCfg = Debug|Any CPU
		{44C253D6-A26F-40C8-AFD5-4BD0D405379B}.Debug|Any CPU.Build.0 = Debug|Any CPU
		{44C253D6-A26F-40C8-AFD5-4BD0D405379B}.Release|Any CPU.ActiveCfg = Release|Any CPU
		{44C253D6-A26F-40C8-AFD5-4BD0D405379B}.Release|Any CPU.Build.0 = Release|Any CPU
		{BCA432B9-A883-48EE-AEC9-93F663ACBE39}.Debug|Any CPU.ActiveCfg = Debug|Any CPU
		{BCA432B9-A883-48EE-AEC9-93F663ACBE39}.Debug|Any CPU.Build.0 = Debug|Any CPU
		{BCA432B9-A883-48EE-AEC9-93F663ACBE39}.Release|Any CPU.ActiveCfg = Release|Any CPU
		{BCA432B9-A883-48EE-AEC9-93F663ACBE39}.Release|Any CPU.Build.0 = Release|Any CPU
		{1800299C-9F60-4A05-A2CD-3E05CAC06131}.Debug|Any CPU.ActiveCfg = Debug|Any CPU
		{1800299C-9F60-4A05-A2CD-3E05CAC06131}.Debug|Any CPU.Build.0 = Debug|Any CPU
		{1800299C-9F60-4A05-A2CD-3E05CAC06131}.Release|Any CPU.ActiveCfg = Release|Any CPU
		{1800299C-9F60-4A05-A2CD-3E05CAC06131}.Release|Any CPU.Build.0 = Release|Any CPU
		{E6AD08B2-C238-46F3-82BE-D32AE503463C}.Debug|Any CPU.ActiveCfg = Debug|Any CPU
		{E6AD08B2-C238-46F3-82BE-D32AE503463C}.Debug|Any CPU.Build.0 = Debug|Any CPU
		{E6AD08B2-C238-46F3-82BE-D32AE503463C}.Release|Any CPU.ActiveCfg = Release|Any CPU
		{E6AD08B2-C238-46F3-82BE-D32AE503463C}.Release|Any CPU.Build.0 = Release|Any CPU
		{9EC0D817-7DED-4E1D-87C9-CA4132B59C4A}.Debug|Any CPU.ActiveCfg = Debug|Any CPU
		{9EC0D817-7DED-4E1D-87C9-CA4132B59C4A}.Debug|Any CPU.Build.0 = Debug|Any CPU
		{9EC0D817-7DED-4E1D-87C9-CA4132B59C4A}.Release|Any CPU.ActiveCfg = Release|Any CPU
		{9EC0D817-7DED-4E1D-87C9-CA4132B59C4A}.Release|Any CPU.Build.0 = Release|Any CPU
		{3C2874F3-E9E8-410F-8033-C4008A565388}.Debug|Any CPU.ActiveCfg = Debug|Any CPU
		{3C2874F3-E9E8-410F-8033-C4008A565388}.Debug|Any CPU.Build.0 = Debug|Any CPU
		{3C2874F3-E9E8-410F-8033-C4008A565388}.Release|Any CPU.ActiveCfg = Release|Any CPU
		{3C2874F3-E9E8-410F-8033-C4008A565388}.Release|Any CPU.Build.0 = Release|Any CPU
		{8BF63AFB-CCE5-4212-9C86-85402DE60270}.Debug|Any CPU.ActiveCfg = Debug|Any CPU
		{8BF63AFB-CCE5-4212-9C86-85402DE60270}.Debug|Any CPU.Build.0 = Debug|Any CPU
		{8BF63AFB-CCE5-4212-9C86-85402DE60270}.Release|Any CPU.ActiveCfg = Release|Any CPU
		{8BF63AFB-CCE5-4212-9C86-85402DE60270}.Release|Any CPU.Build.0 = Release|Any CPU
		{F9E088F8-8893-4C01-8C6C-D3B01B272476}.Debug|Any CPU.ActiveCfg = Debug|Any CPU
		{F9E088F8-8893-4C01-8C6C-D3B01B272476}.Debug|Any CPU.Build.0 = Debug|Any CPU
		{F9E088F8-8893-4C01-8C6C-D3B01B272476}.Release|Any CPU.ActiveCfg = Release|Any CPU
		{F9E088F8-8893-4C01-8C6C-D3B01B272476}.Release|Any CPU.Build.0 = Release|Any CPU
		{6A391681-F84A-413F-8963-6CCBF5CA8FBE}.Debug|Any CPU.ActiveCfg = Debug|Any CPU
		{6A391681-F84A-413F-8963-6CCBF5CA8FBE}.Debug|Any CPU.Build.0 = Debug|Any CPU
		{6A391681-F84A-413F-8963-6CCBF5CA8FBE}.Release|Any CPU.ActiveCfg = Release|Any CPU
		{6A391681-F84A-413F-8963-6CCBF5CA8FBE}.Release|Any CPU.Build.0 = Release|Any CPU
		{8EA36937-8585-4D56-B621-2C743994A6DE}.Debug|Any CPU.ActiveCfg = Debug|Any CPU
		{8EA36937-8585-4D56-B621-2C743994A6DE}.Debug|Any CPU.Build.0 = Debug|Any CPU
		{8EA36937-8585-4D56-B621-2C743994A6DE}.Release|Any CPU.ActiveCfg = Release|Any CPU
		{8EA36937-8585-4D56-B621-2C743994A6DE}.Release|Any CPU.Build.0 = Release|Any CPU
		{CA9BB89E-837D-4D4F-AC07-13EFB683B65F}.Debug|Any CPU.ActiveCfg = Debug|Any CPU
		{CA9BB89E-837D-4D4F-AC07-13EFB683B65F}.Debug|Any CPU.Build.0 = Debug|Any CPU
		{CA9BB89E-837D-4D4F-AC07-13EFB683B65F}.Release|Any CPU.ActiveCfg = Release|Any CPU
		{CA9BB89E-837D-4D4F-AC07-13EFB683B65F}.Release|Any CPU.Build.0 = Release|Any CPU
		{6ABD20E0-7457-463D-990B-26FAC25044A3}.Debug|Any CPU.ActiveCfg = Debug|Any CPU
		{6ABD20E0-7457-463D-990B-26FAC25044A3}.Debug|Any CPU.Build.0 = Debug|Any CPU
		{6ABD20E0-7457-463D-990B-26FAC25044A3}.Release|Any CPU.ActiveCfg = Release|Any CPU
		{6ABD20E0-7457-463D-990B-26FAC25044A3}.Release|Any CPU.Build.0 = Release|Any CPU
		{A249EF6B-295C-482A-9B95-9526EDA43B32}.Debug|Any CPU.ActiveCfg = Debug|Any CPU
		{A249EF6B-295C-482A-9B95-9526EDA43B32}.Debug|Any CPU.Build.0 = Debug|Any CPU
		{A249EF6B-295C-482A-9B95-9526EDA43B32}.Release|Any CPU.ActiveCfg = Release|Any CPU
		{A249EF6B-295C-482A-9B95-9526EDA43B32}.Release|Any CPU.Build.0 = Release|Any CPU
		{5F7F1522-5ABD-44F6-97DA-28DEC6F24B4C}.Debug|Any CPU.ActiveCfg = Debug|Any CPU
		{5F7F1522-5ABD-44F6-97DA-28DEC6F24B4C}.Debug|Any CPU.Build.0 = Debug|Any CPU
		{5F7F1522-5ABD-44F6-97DA-28DEC6F24B4C}.Release|Any CPU.ActiveCfg = Release|Any CPU
		{5F7F1522-5ABD-44F6-97DA-28DEC6F24B4C}.Release|Any CPU.Build.0 = Release|Any CPU
		{DA99A5C5-F22E-4E6B-BD84-235070C8D0E9}.Debug|Any CPU.ActiveCfg = Debug|Any CPU
		{DA99A5C5-F22E-4E6B-BD84-235070C8D0E9}.Debug|Any CPU.Build.0 = Debug|Any CPU
		{DA99A5C5-F22E-4E6B-BD84-235070C8D0E9}.Release|Any CPU.ActiveCfg = Release|Any CPU
		{DA99A5C5-F22E-4E6B-BD84-235070C8D0E9}.Release|Any CPU.Build.0 = Release|Any CPU
		{42285FC6-77B3-46E9-B428-4117392F22E6}.Debug|Any CPU.ActiveCfg = Debug|Any CPU
		{42285FC6-77B3-46E9-B428-4117392F22E6}.Debug|Any CPU.Build.0 = Debug|Any CPU
		{42285FC6-77B3-46E9-B428-4117392F22E6}.Release|Any CPU.ActiveCfg = Release|Any CPU
		{42285FC6-77B3-46E9-B428-4117392F22E6}.Release|Any CPU.Build.0 = Release|Any CPU
		{5DC4FAEA-D28C-4B28-AEE0-24764F2ABC8C}.Debug|Any CPU.ActiveCfg = Debug|Any CPU
		{5DC4FAEA-D28C-4B28-AEE0-24764F2ABC8C}.Debug|Any CPU.Build.0 = Debug|Any CPU
		{5DC4FAEA-D28C-4B28-AEE0-24764F2ABC8C}.Release|Any CPU.ActiveCfg = Release|Any CPU
		{5DC4FAEA-D28C-4B28-AEE0-24764F2ABC8C}.Release|Any CPU.Build.0 = Release|Any CPU
		{A784D10E-DCC2-4B73-BEC6-7CC7BE177338}.Debug|Any CPU.ActiveCfg = Debug|Any CPU
		{A784D10E-DCC2-4B73-BEC6-7CC7BE177338}.Debug|Any CPU.Build.0 = Debug|Any CPU
		{A784D10E-DCC2-4B73-BEC6-7CC7BE177338}.Release|Any CPU.ActiveCfg = Release|Any CPU
		{A784D10E-DCC2-4B73-BEC6-7CC7BE177338}.Release|Any CPU.Build.0 = Release|Any CPU
		{24CF208D-E58F-410A-9A34-A97E5AC3D32A}.Debug|Any CPU.ActiveCfg = Debug|Any CPU
		{24CF208D-E58F-410A-9A34-A97E5AC3D32A}.Debug|Any CPU.Build.0 = Debug|Any CPU
		{24CF208D-E58F-410A-9A34-A97E5AC3D32A}.Release|Any CPU.ActiveCfg = Release|Any CPU
		{24CF208D-E58F-410A-9A34-A97E5AC3D32A}.Release|Any CPU.Build.0 = Release|Any CPU
		{63C634B4-897A-48F9-8D54-78353F51E8B3}.Debug|Any CPU.ActiveCfg = Debug|Any CPU
		{63C634B4-897A-48F9-8D54-78353F51E8B3}.Debug|Any CPU.Build.0 = Debug|Any CPU
		{63C634B4-897A-48F9-8D54-78353F51E8B3}.Release|Any CPU.ActiveCfg = Release|Any CPU
		{63C634B4-897A-48F9-8D54-78353F51E8B3}.Release|Any CPU.Build.0 = Release|Any CPU
		{111B21E0-D754-4933-9B69-6DBAF9BF4D0E}.Debug|Any CPU.ActiveCfg = Debug|Any CPU
		{111B21E0-D754-4933-9B69-6DBAF9BF4D0E}.Debug|Any CPU.Build.0 = Debug|Any CPU
		{111B21E0-D754-4933-9B69-6DBAF9BF4D0E}.Release|Any CPU.ActiveCfg = Release|Any CPU
		{111B21E0-D754-4933-9B69-6DBAF9BF4D0E}.Release|Any CPU.Build.0 = Release|Any CPU
		{80CA2E6C-D7C6-4FD7-B4D2-76792458A5E1}.Debug|Any CPU.ActiveCfg = Debug|Any CPU
		{80CA2E6C-D7C6-4FD7-B4D2-76792458A5E1}.Debug|Any CPU.Build.0 = Debug|Any CPU
		{80CA2E6C-D7C6-4FD7-B4D2-76792458A5E1}.Release|Any CPU.ActiveCfg = Release|Any CPU
		{80CA2E6C-D7C6-4FD7-B4D2-76792458A5E1}.Release|Any CPU.Build.0 = Release|Any CPU
	EndGlobalSection
	GlobalSection(SolutionProperties) = preSolution
		HideSolutionNode = FALSE
	EndGlobalSection
	GlobalSection(NestedProjects) = preSolution
		{835619D8-76F8-4938-A019-4A7F6B61B73B} = {AEF33B59-F9C3-492F-A7CC-62AA6FC55555}
		{692B2E0D-6CEF-4ACD-B789-AFF8579B6B9C} = {D2DF791A-7EB9-4566-B23C-7145C3E48C2D}
		{DF678C65-EB6D-4D33-B0A4-F351548F9675} = {D2DF791A-7EB9-4566-B23C-7145C3E48C2D}
		{6305D991-1733-49BB-A970-00491EAF2511} = {D2DF791A-7EB9-4566-B23C-7145C3E48C2D}
		{EEDFB166-2C0C-4E95-9DB5-E038FEE9EA08} = {D2DF791A-7EB9-4566-B23C-7145C3E48C2D}
		{E6B14921-202A-4705-B507-C37123C4EA63} = {D2DF791A-7EB9-4566-B23C-7145C3E48C2D}
		{3DF94E30-3F70-4C6E-A8F5-39B8A7B8A436} = {D2DF791A-7EB9-4566-B23C-7145C3E48C2D}
		{91B94A2F-6B75-4A8A-9186-D76E05F707D5} = {D2DF791A-7EB9-4566-B23C-7145C3E48C2D}
		{8E354E31-8F38-4CF8-B388-F3A8F84AEE2E} = {D2DF791A-7EB9-4566-B23C-7145C3E48C2D}
		{317EA8D3-CD19-4699-A25F-8EF0229F8E62} = {D2DF791A-7EB9-4566-B23C-7145C3E48C2D}
		{D345A6FD-A67E-45F6-9495-1EE81B0C48A9} = {D2DF791A-7EB9-4566-B23C-7145C3E48C2D}
		{B13F9535-D512-4769-861E-8DAF5F005331} = {D2DF791A-7EB9-4566-B23C-7145C3E48C2D}
		{36FA2D23-678B-4C25-8747-E9BF511B6938} = {D2DF791A-7EB9-4566-B23C-7145C3E48C2D}
		{42A6C49D-8BD8-4C39-A29F-7200906DFD56} = {D2DF791A-7EB9-4566-B23C-7145C3E48C2D}
		{01AA0AE4-53C2-40F0-A010-79C9CFA97066} = {D2DF791A-7EB9-4566-B23C-7145C3E48C2D}
		{1EE19CAB-AB65-4756-A608-73292D40AC68} = {D2DF791A-7EB9-4566-B23C-7145C3E48C2D}
		{5B719E2E-F724-4CB6-A0A9-019C41F4A67E} = {97907667-79F9-4675-84EB-1B80E47F82C1}
		{95C85A8A-7C21-4C44-B7C5-071F31FEE0DF} = {97907667-79F9-4675-84EB-1B80E47F82C1}
		{F73A0A89-37A6-456A-B6BF-1BD1BE89CDAC} = {97907667-79F9-4675-84EB-1B80E47F82C1}
		{15255B58-9D6B-4995-B2EF-73EEC67C2370} = {97907667-79F9-4675-84EB-1B80E47F82C1}
		{B67DCDB0-7046-4813-934C-CC6408C1FA9A} = {97907667-79F9-4675-84EB-1B80E47F82C1}
		{25DE203B-239C-4F8E-8270-404FC101E799} = {97907667-79F9-4675-84EB-1B80E47F82C1}
		{85102CB5-630E-4634-B485-0331114478FB} = {97907667-79F9-4675-84EB-1B80E47F82C1}
		{681431FF-7A83-4AA6-BA26-E5938E5D81E3} = {97907667-79F9-4675-84EB-1B80E47F82C1}
		{EFF1E824-266F-4280-97F5-FA118E40536F} = {97907667-79F9-4675-84EB-1B80E47F82C1}
		{DB244B14-A7C8-481F-A6F8-882BD6203215} = {97907667-79F9-4675-84EB-1B80E47F82C1}
		{93698378-2495-4993-8674-025C68D7D80F} = {8E37CCEE-CD35-4912-8841-D2C2E79F10F1}
		{F66BB9FD-BD7F-4AB7-8DE9-C5FF6AF9496F} = {8E37CCEE-CD35-4912-8841-D2C2E79F10F1}
		{E31D0CA4-C26A-4466-B70D-BF0B4A302C07} = {8E37CCEE-CD35-4912-8841-D2C2E79F10F1}
		{B8A4D6F5-E608-45C9-A8BB-69F18FA6E583} = {8E37CCEE-CD35-4912-8841-D2C2E79F10F1}
		{93A01062-6E03-4C5C-8347-5F380902D1A1} = {8E37CCEE-CD35-4912-8841-D2C2E79F10F1}
		{BF028386-BBAC-4D99-A242-C60A2FA0B13F} = {8E37CCEE-CD35-4912-8841-D2C2E79F10F1}
		{9F8B675E-6605-4186-861F-DFE9D560A8FF} = {29DD8892-72AB-4FD3-B8E3-C3D1DC02B0F0}
		{0E6F9772-0073-4FD5-BFF1-3D883FFC1449} = {15087F2A-5770-49EF-AAB0-2D1112065276}
		{DD784DFD-BD02-4B19-B8E1-A239517B200B} = {A71F93E0-B8CD-43CE-B043-5D2E8FC1EDC4}
		{44C253D6-A26F-40C8-AFD5-4BD0D405379B} = {A71F93E0-B8CD-43CE-B043-5D2E8FC1EDC4}
		{BCA432B9-A883-48EE-AEC9-93F663ACBE39} = {A71F93E0-B8CD-43CE-B043-5D2E8FC1EDC4}
		{1800299C-9F60-4A05-A2CD-3E05CAC06131} = {A71F93E0-B8CD-43CE-B043-5D2E8FC1EDC4}
		{E6AD08B2-C238-46F3-82BE-D32AE503463C} = {A71F93E0-B8CD-43CE-B043-5D2E8FC1EDC4}
		{9EC0D817-7DED-4E1D-87C9-CA4132B59C4A} = {8C99CED2-EE35-447B-B083-476C301B21FC}
		{3C2874F3-E9E8-410F-8033-C4008A565388} = {8C99CED2-EE35-447B-B083-476C301B21FC}
		{8BF63AFB-CCE5-4212-9C86-85402DE60270} = {8C99CED2-EE35-447B-B083-476C301B21FC}
		{F9E088F8-8893-4C01-8C6C-D3B01B272476} = {8C99CED2-EE35-447B-B083-476C301B21FC}
		{6A391681-F84A-413F-8963-6CCBF5CA8FBE} = {8C99CED2-EE35-447B-B083-476C301B21FC}
		{8EA36937-8585-4D56-B621-2C743994A6DE} = {8C99CED2-EE35-447B-B083-476C301B21FC}
		{CA9BB89E-837D-4D4F-AC07-13EFB683B65F} = {8C99CED2-EE35-447B-B083-476C301B21FC}
		{6ABD20E0-7457-463D-990B-26FAC25044A3} = {8C99CED2-EE35-447B-B083-476C301B21FC}
		{A249EF6B-295C-482A-9B95-9526EDA43B32} = {8C99CED2-EE35-447B-B083-476C301B21FC}
		{5F7F1522-5ABD-44F6-97DA-28DEC6F24B4C} = {8C99CED2-EE35-447B-B083-476C301B21FC}
		{DA99A5C5-F22E-4E6B-BD84-235070C8D0E9} = {8C99CED2-EE35-447B-B083-476C301B21FC}
		{42285FC6-77B3-46E9-B428-4117392F22E6} = {8C99CED2-EE35-447B-B083-476C301B21FC}
		{5DC4FAEA-D28C-4B28-AEE0-24764F2ABC8C} = {8C99CED2-EE35-447B-B083-476C301B21FC}
		{A784D10E-DCC2-4B73-BEC6-7CC7BE177338} = {5E8211C6-BACC-47F7-8895-0E04CC4E09E9}
		{24CF208D-E58F-410A-9A34-A97E5AC3D32A} = {5E8211C6-BACC-47F7-8895-0E04CC4E09E9}
		{63C634B4-897A-48F9-8D54-78353F51E8B3} = {5E8211C6-BACC-47F7-8895-0E04CC4E09E9}
		{111B21E0-D754-4933-9B69-6DBAF9BF4D0E} = {5E8211C6-BACC-47F7-8895-0E04CC4E09E9}
		{80CA2E6C-D7C6-4FD7-B4D2-76792458A5E1} = {5E8211C6-BACC-47F7-8895-0E04CC4E09E9}
	EndGlobalSection
	GlobalSection(ExtensibilityGlobals) = postSolution
		SolutionGuid = {0E41708C-CBD8-4E48-96C0-BF87E60FBA5B}
	EndGlobalSection
EndGlobal
